
Microsoft Visual Studio Solution File, Format Version 12.00
# Visual Studio 14
VisualStudioVersion = 14.0.25123.0
MinimumVisualStudioVersion = 10.0.40219.1
Project("{FAE04EC0-301F-11D3-BF4B-00C04F79EFBC}") = "Afficheur7segOO", "Afficheur7segOO\Afficheur7segOO.csproj", "{F99B9487-5159-4BB4-9930-D8356505152D}"
EndProject
Global
	GlobalSection(SolutionConfigurationPlatforms) = preSolution
		Debug|Any CPU = Debug|Any CPU
		Release|Any CPU = Release|Any CPU
	EndGlobalSection
	GlobalSection(ProjectConfigurationPlatforms) = postSolution
		{F99B9487-5159-4BB4-9930-D8356505152D}.Debug|Any CPU.ActiveCfg = Debug|Any CPU
		{F99B9487-5159-4BB4-9930-D8356505152D}.Debug|Any CPU.Build.0 = Debug|Any CPU
		{F99B9487-5159-4BB4-9930-D8356505152D}.Release|Any CPU.ActiveCfg = Release|Any CPU
		{F99B9487-5159-4BB4-9930-D8356505152D}.Release|Any CPU.Build.0 = Release|Any CPU
	EndGlobalSection
	GlobalSection(SolutionProperties) = preSolution
		HideSolutionNode = FALSE
	EndGlobalSection
	GlobalSection(MonoDevelopProperties) = preSolution
		Policies = $0
		$0.DotNetNamingPolicy = $1
		$1.DirectoryNamespaceAssociation = PrefixedHierarchical
		$0.VersionControlPolicy = $2
	EndGlobalSection
EndGlobal
